
Microsoft Visual Studio Solution File, Format Version 12.00
# Visual Studio Version 17
VisualStudioVersion = 17.7.34018.315
MinimumVisualStudioVersion = 10.0.40219.1
Project("{FAE04EC0-301F-11D3-BF4B-00C04F79EFBC}") = "midterm", "midterm\midterm.csproj", "{C07791BE-20EB-4244-915C-C252A97EF2AD}"
EndProject
Global
	GlobalSection(SolutionConfigurationPlatforms) = preSolution
		Debug|Any CPU = Debug|Any CPU
		Release|Any CPU = Release|Any CPU
	EndGlobalSection
	GlobalSection(ProjectConfigurationPlatforms) = postSolution
		{C07791BE-20EB-4244-915C-C252A97EF2AD}.Debug|Any CPU.ActiveCfg = Debug|Any CPU
		{C07791BE-20EB-4244-915C-C252A97EF2AD}.Debug|Any CPU.Build.0 = Debug|Any CPU
		{C07791BE-20EB-4244-915C-C252A97EF2AD}.Release|Any CPU.ActiveCfg = Release|Any CPU
		{C07791BE-20EB-4244-915C-C252A97EF2AD}.Release|Any CPU.Build.0 = Release|Any CPU
	EndGlobalSection
	GlobalSection(SolutionProperties) = preSolution
		HideSolutionNode = FALSE
	EndGlobalSection
	GlobalSection(ExtensibilityGlobals) = postSolution
		SolutionGuid = {776E05ED-C765-4AF9-BFE0-146F77E9589C}
	EndGlobalSection
EndGlobal
